
Microsoft Visual Studio Solution File, Format Version 12.00
# Visual Studio Version 16
VisualStudioVersion = 25.0.1703.7
MinimumVisualStudioVersion = 10.0.40219.1
Project("{FAE04EC0-301F-11D3-BF4B-00C04F79EFBC}") = "task.eight", "task.eight\task.eight.csproj", "{44C4332F-A1BB-4798-B329-D5EF42F0F342}"
EndProject
Project("{FAE04EC0-301F-11D3-BF4B-00C04F79EFBC}") = "task.eight.test", "task.eight.test\task.eight.test.csproj", "{BED93789-6235-436F-B4B4-D063223C7CC6}"
EndProject
Project("{FAE04EC0-301F-11D3-BF4B-00C04F79EFBC}") = "tumakoww", "tumakoww\tumakoww.csproj", "{5E8B5871-3169-4EC8-8407-9D39795F209A}"
EndProject
Global
	GlobalSection(SolutionConfigurationPlatforms) = preSolution
		Debug|Any CPU = Debug|Any CPU
		Release|Any CPU = Release|Any CPU
	EndGlobalSection
	GlobalSection(ProjectConfigurationPlatforms) = postSolution
		{44C4332F-A1BB-4798-B329-D5EF42F0F342}.Debug|Any CPU.ActiveCfg = Debug|Any CPU
		{44C4332F-A1BB-4798-B329-D5EF42F0F342}.Debug|Any CPU.Build.0 = Debug|Any CPU
		{44C4332F-A1BB-4798-B329-D5EF42F0F342}.Release|Any CPU.ActiveCfg = Release|Any CPU
		{44C4332F-A1BB-4798-B329-D5EF42F0F342}.Release|Any CPU.Build.0 = Release|Any CPU
		{BED93789-6235-436F-B4B4-D063223C7CC6}.Debug|Any CPU.ActiveCfg = Debug|Any CPU
		{BED93789-6235-436F-B4B4-D063223C7CC6}.Debug|Any CPU.Build.0 = Debug|Any CPU
		{BED93789-6235-436F-B4B4-D063223C7CC6}.Release|Any CPU.ActiveCfg = Release|Any CPU
		{BED93789-6235-436F-B4B4-D063223C7CC6}.Release|Any CPU.Build.0 = Release|Any CPU
		{5E8B5871-3169-4EC8-8407-9D39795F209A}.Debug|Any CPU.ActiveCfg = Debug|Any CPU
		{5E8B5871-3169-4EC8-8407-9D39795F209A}.Debug|Any CPU.Build.0 = Debug|Any CPU
		{5E8B5871-3169-4EC8-8407-9D39795F209A}.Release|Any CPU.ActiveCfg = Release|Any CPU
		{5E8B5871-3169-4EC8-8407-9D39795F209A}.Release|Any CPU.Build.0 = Release|Any CPU
	EndGlobalSection
	GlobalSection(SolutionProperties) = preSolution
		HideSolutionNode = FALSE
	EndGlobalSection
	GlobalSection(ExtensibilityGlobals) = postSolution
		SolutionGuid = {FE932F6A-6225-4A04-9292-1AFC09352CFD}
	EndGlobalSection
EndGlobal
